PODS:
  - Alamofire (5.10.2)
  - Swinject (2.9.1)

DEPENDENCIES:
  - Alamofire
  - Swinject

SPEC REPOS:
  trunk:
    - Alamofire
    - Swinject

SPEC CHECKSUMS:
  Alamofire: 7193b3b92c74a07f85569e1a6c4f4237291e7496
  Swinject: a827d508c6270da03ec74e558e728917a888fa9b

PODFILE CHECKSUM: b67c45d0a35e01adb376bcf228d4ada0bade8266

COCOAPODS: 1.16.2
